
Microsoft Visual Studio Solution File, Format Version 12.00
# Visual Studio Version 17
VisualStudioVersion = 17.2.32414.248
MinimumVisualStudioVersion = 10.0.40219.1
Project("{9A19103F-16F7-4668-BE54-9A1E7A4F7556}") = "HMACDotNet", "HMACDotNet\HMACDotNet.csproj", "{8F9D5708-9889-405E-87F4-DC1266513269}"
EndProject
Project("{FAE04EC0-301F-11D3-BF4B-00C04F79EFBC}") = "HMACDotNetTests", "HMACDotNetTests\HMACDotNetTests.csproj", "{E8F009D7-89FB-4A90-98B0-C3B80256F72A}"
EndProject
Global
	GlobalSection(SolutionConfigurationPlatforms) = preSolution
		Debug|Any CPU = Debug|Any CPU
		Release|Any CPU = Release|Any CPU
	EndGlobalSection
	GlobalSection(ProjectConfigurationPlatforms) = postSolution
		{8F9D5708-9889-405E-87F4-DC1266513269}.Debug|Any CPU.ActiveCfg = Debug|Any CPU
		{8F9D5708-9889-405E-87F4-DC1266513269}.Debug|Any CPU.Build.0 = Debug|Any CPU
		{8F9D5708-9889-405E-87F4-DC1266513269}.Release|Any CPU.ActiveCfg = Release|Any CPU
		{8F9D5708-9889-405E-87F4-DC1266513269}.Release|Any CPU.Build.0 = Release|Any CPU
		{E8F009D7-89FB-4A90-98B0-C3B80256F72A}.Debug|Any CPU.ActiveCfg = Debug|Any CPU
		{E8F009D7-89FB-4A90-98B0-C3B80256F72A}.Debug|Any CPU.Build.0 = Debug|Any CPU
		{E8F009D7-89FB-4A90-98B0-C3B80256F72A}.Release|Any CPU.ActiveCfg = Release|Any CPU
		{E8F009D7-89FB-4A90-98B0-C3B80256F72A}.Release|Any CPU.Build.0 = Release|Any CPU
	EndGlobalSection
	GlobalSection(SolutionProperties) = preSolution
		HideSolutionNode = FALSE
	EndGlobalSection
	GlobalSection(ExtensibilityGlobals) = postSolution
		SolutionGuid = {AB03364A-1981-4032-BE19-AFFF6626E23C}
	EndGlobalSection
EndGlobal
